
Microsoft Visual Studio Solution File, Format Version 12.00
# Visual Studio Version 16
VisualStudioVersion = 16.0.31727.386
MinimumVisualStudioVersion = 10.0.40219.1
Project("{FAE04EC0-301F-11D3-BF4B-00C04F79EFBC}") = "NhaamaCore.Memory", "NhaamaCore\NhaamaCore.Memory.csproj", "{1EB98D47-1222-457B-AE27-B5A401C215CE}"
EndProject
Global
	GlobalSection(SolutionConfigurationPlatforms) = preSolution
		Debug|Any CPU = Debug|Any CPU
		Release|Any CPU = Release|Any CPU
	EndGlobalSection
	GlobalSection(ProjectConfigurationPlatforms) = postSolution
		{1EB98D47-1222-457B-AE27-B5A401C215CE}.Debug|Any CPU.ActiveCfg = Debug|Any CPU
		{1EB98D47-1222-457B-AE27-B5A401C215CE}.Debug|Any CPU.Build.0 = Debug|Any CPU
		{1EB98D47-1222-457B-AE27-B5A401C215CE}.Release|Any CPU.ActiveCfg = Release|Any CPU
		{1EB98D47-1222-457B-AE27-B5A401C215CE}.Release|Any CPU.Build.0 = Release|Any CPU
	EndGlobalSection
	GlobalSection(SolutionProperties) = preSolution
		HideSolutionNode = FALSE
	EndGlobalSection
	GlobalSection(ExtensibilityGlobals) = postSolution
		SolutionGuid = {8B8AD649-F0A5-458F-9C43-42E124447796}
	EndGlobalSection
EndGlobal
